lockfileVersion: '9.0'

settings:
  autoInstallPeers: true
  excludeLinksFromLockfile: false

importers:

  .:
    devDependencies:
      postcss-nesting:
        specifier: ^14.0.0
        version: 14.0.0(postcss@8.5.6)

packages:

  '@csstools/selector-resolve-nested@4.0.0':
    resolution: {integrity: sha512-9vAPxmp+Dx3wQBIUwc1v7Mdisw1kbbaGqXUM8QLTgWg7SoPGYtXBsMXvsFs/0Bn5yoFhcktzxNZGNaUt0VjgjA==}
    engines: {node: '>=20.19.0'}
    peerDependencies:
      postcss-selector-parser: ^7.1.1

  '@csstools/selector-specificity@6.0.0':
    resolution: {integrity: sha512-4sSgl78OtOXEX/2d++8A83zHNTgwCJMaR24FvsYL7Uf/VS8HZk9PTwR51elTbGqMuwH3szLvvOXEaVnqn0Z3zA==}
    engines: {node: '>=20.19.0'}
    peerDependencies:
      postcss-selector-parser: ^7.1.1

  cssesc@3.0.0:
    resolution: {integrity: sha512-/Tb/JcjK111nNScGob5MNtsntNM1aCNUDipB/TkwZFhyDrrE47SOx/18wF2bbjgc3ZzCSKW1T5nt5EbFoAz/Vg==}
    engines: {node: '>=4'}
    hasBin: true

  nanoid@3.3.11:
    resolution: {integrity: sha512-N8SpfPUnUp1bK+PMYW8qSWdl9U+wwNWI4QKxOYDy9JAro3WMX7p2OeVRF9v+347pnakNevPmiHhNmZ2HbFA76w==}
    engines: {node: ^10 || ^12 || ^13.7 || ^14 || >=15.0.1}
    hasBin: true

  picocolors@1.1.1:
    resolution: {integrity: sha512-xceH2snhtb5M9liqDsmEw56le376mTZkEX/jEb/RxNFyegNul7eNslCXP9FDj/Lcu0X8KEyMceP2ntpaHrDEVA==}

  postcss-nesting@14.0.0:
    resolution: {integrity: sha512-YGFOfVrjxYfeGTS5XctP1WCI5hu8Lr9SmntjfRC+iX5hCihEO+QZl9Ra+pkjqkgoVdDKvb2JccpElcowhZtzpw==}
    engines: {node: '>=20.19.0'}
    peerDependencies:
      postcss: ^8.4

  postcss-selector-parser@7.1.1:
    resolution: {integrity: sha512-orRsuYpJVw8LdAwqqLykBj9ecS5/cRHlI5+nvTo8LcCKmzDmqVORXtOIYEEQuL9D4BxtA1lm5isAqzQZCoQ6Eg==}
    engines: {node: '>=4'}

  postcss@8.5.6:
    resolution: {integrity: sha512-3Ybi1tAuwAP9s0r1UQ2J4n5Y0G05bJkpUIO0/bI9MhwmD70S5aTWbXGBwxHrelT+XM1k6dM0pk+SwNkpTRN7Pg==}
    engines: {node: ^10 || ^12 || >=14}

  source-map-js@1.2.1:
    resolution: {integrity: sha512-UXWMKhLOwVKb728IUtQPXxfYU+usdybtUrK/8uGE8CQMvrhOpwvzDBwj0QhSL7MQc7vIsISBG8VQ8+IDQxpfQA==}
    engines: {node: '>=0.10.0'}

  util-deprecate@1.0.2:
    resolution: {integrity: sha512-EPD5q1uXyFxJpCrLnCc1nHnq3gOa6DZBocAIiI2TaSCA7VCJ1UJDMagCzIkXNsUYfD1daK//LTEQ8xiIbrHtcw==}

snapshots:

  '@csstools/selector-resolve-nested@4.0.0(postcss-selector-parser@7.1.1)':
    dependencies:
      postcss-selector-parser: 7.1.1

  '@csstools/selector-specificity@6.0.0(postcss-selector-parser@7.1.1)':
    dependencies:
      postcss-selector-parser: 7.1.1

  cssesc@3.0.0: {}

  nanoid@3.3.11: {}

  picocolors@1.1.1: {}

  postcss-nesting@14.0.0(postcss@8.5.6):
    dependencies:
      '@csstools/selector-resolve-nested': 4.0.0(postcss-selector-parser@7.1.1)
      '@csstools/selector-specificity': 6.0.0(postcss-selector-parser@7.1.1)
      postcss: 8.5.6
      postcss-selector-parser: 7.1.1

  postcss-selector-parser@7.1.1:
    dependencies:
      cssesc: 3.0.0
      util-deprecate: 1.0.2

  postcss@8.5.6:
    dependencies:
      nanoid: 3.3.11
      picocolors: 1.1.1
      source-map-js: 1.2.1

  source-map-js@1.2.1: {}

  util-deprecate@1.0.2: {}
